
Microsoft Visual Studio Solution File, Format Version 12.00
# Visual Studio Version 17
VisualStudioVersion = 17.6.33815.320
MinimumVisualStudioVersion = 10.0.40219.1
Project("{9A19103F-16F7-4668-BE54-9A1E7A4F7556}") = "StringCalculator", "StringCalculator\StringCalculator.csproj", "{31F9B45F-20B9-46DD-A851-E7B0334C1265}"
EndProject
Project("{FAE04EC0-301F-11D3-BF4B-00C04F79EFBC}") = "StringCalculator.Tests", "StringCalculator.Tests\StringCalculator.Tests.csproj", "{0EDA8F8B-CE7C-4530-A048-FFF59804D125}"
EndProject
Global
	GlobalSection(SolutionConfigurationPlatforms) = preSolution
		Debug|Any CPU = Debug|Any CPU
		Release|Any CPU = Release|Any CPU
	EndGlobalSection
	GlobalSection(ProjectConfigurationPlatforms) = postSolution
		{31F9B45F-20B9-46DD-A851-E7B0334C1265}.Debug|Any CPU.ActiveCfg = Debug|Any CPU
		{31F9B45F-20B9-46DD-A851-E7B0334C1265}.Debug|Any CPU.Build.0 = Debug|Any CPU
		{31F9B45F-20B9-46DD-A851-E7B0334C1265}.Release|Any CPU.ActiveCfg = Release|Any CPU
		{31F9B45F-20B9-46DD-A851-E7B0334C1265}.Release|Any CPU.Build.0 = Release|Any CPU
		{0EDA8F8B-CE7C-4530-A048-FFF59804D125}.Debug|Any CPU.ActiveCfg = Debug|Any CPU
		{0EDA8F8B-CE7C-4530-A048-FFF59804D125}.Debug|Any CPU.Build.0 = Debug|Any CPU
		{0EDA8F8B-CE7C-4530-A048-FFF59804D125}.Release|Any CPU.ActiveCfg = Release|Any CPU
		{0EDA8F8B-CE7C-4530-A048-FFF59804D125}.Release|Any CPU.Build.0 = Release|Any CPU
	EndGlobalSection
	GlobalSection(SolutionProperties) = preSolution
		HideSolutionNode = FALSE
	EndGlobalSection
	GlobalSection(ExtensibilityGlobals) = postSolution
		SolutionGuid = {0D2971C6-A93A-4D39-AD0F-A87C5384F5AD}
	EndGlobalSection
EndGlobal
